
Microsoft Visual Studio Solution File, Format Version 12.00
# Visual Studio Version 17
VisualStudioVersion = 17.0.32112.339
MinimumVisualStudioVersion = 10.0.40219.1
Project("{FAE04EC0-301F-11D3-BF4B-00C04F79EFBC}") = "Calculator", "Calculator\Calculator.csproj", "{36A02DFA-77D0-4630-8A3D-E9DEBE07565E}"
EndProject
Global
	GlobalSection(SolutionConfigurationPlatforms) = preSolution
		Debug|Any CPU = Debug|Any CPU
		Release|Any CPU = Release|Any CPU
	EndGlobalSection
	GlobalSection(ProjectConfigurationPlatforms) = postSolution
		{36A02DFA-77D0-4630-8A3D-E9DEBE07565E}.Debug|Any CPU.ActiveCfg = Debug|Any CPU
		{36A02DFA-77D0-4630-8A3D-E9DEBE07565E}.Debug|Any CPU.Build.0 = Debug|Any CPU
		{36A02DFA-77D0-4630-8A3D-E9DEBE07565E}.Release|Any CPU.ActiveCfg = Release|Any CPU
		{36A02DFA-77D0-4630-8A3D-E9DEBE07565E}.Release|Any CPU.Build.0 = Release|Any CPU
	EndGlobalSection
	GlobalSection(SolutionProperties) = preSolution
		HideSolutionNode = FALSE
	EndGlobalSection
	GlobalSection(ExtensibilityGlobals) = postSolution
		SolutionGuid = {AA88AD44-0128-4DA6-9494-5E9C8FF3A836}
	EndGlobalSection
EndGlobal
